
Microsoft Visual Studio Solution File, Format Version 12.00
# Visual Studio 15
VisualStudioVersion = 15.0.26730.8
MinimumVisualStudioVersion = 10.0.40219.1
Project("{A0786B88-2ADB-4C21-ABE8-AA2D79766269}") = "Project_OEP", "Project_OEP\Project_OEP.phpproj", "{5B3A2D96-C94B-4F07-A85B-DF7BE17E9C0F}"
EndProject
Global
	GlobalSection(SolutionConfigurationPlatforms) = preSolution
		Debug|Any CPU = Debug|Any CPU
		Release|Any CPU = Release|Any CPU
	EndGlobalSection
	GlobalSection(ProjectConfigurationPlatforms) = postSolution
		{5B3A2D96-C94B-4F07-A85B-DF7BE17E9C0F}.Debug|Any CPU.ActiveCfg = Debug|Any CPU
		{5B3A2D96-C94B-4F07-A85B-DF7BE17E9C0F}.Release|Any CPU.ActiveCfg = Release|Any CPU
	EndGlobalSection
	GlobalSection(SolutionProperties) = preSolution
		HideSolutionNode = FALSE
	EndGlobalSection
	GlobalSection(ExtensibilityGlobals) = postSolution
		SolutionGuid = {DC369583-B908-4241-A916-EDBDB33E3E63}
	EndGlobalSection
EndGlobal
